// !$*UTF8*$!
{
	archiveVersion = 1;
	classes = {
	};
	objectVersion = 56;
	objects = {

/* Begin PBXBuildFile section */
		7CC9BF1A28EDE6F9007F65AA /* AppDelegate.swift in Sources */ = {isa = PBXBuildFile; fileRef = 7CC9BF1928EDE6F9007F65AA /* AppDelegate.swift */; };
		7CC9BF1C28EDE6F9007F65AA /* SceneDelegate.swift in Sources */ = {isa = PBXBuildFile; fileRef = 7CC9BF1B28EDE6F9007F65AA /* SceneDelegate.swift */; };
		7CC9BF1E28EDE6F9007F65AA /* ViewController.swift in Sources */ = {isa = PBXBuildFile; fileRef = 7CC9BF1D28EDE6F9007F65AA /* ViewController.swift */; };
		7CC9BF2128EDE6F9007F65AA /* Main.storyboard in Resources */ = {isa = PBXBuildFile; fileRef = 7CC9BF1F28EDE6F9007F65AA /* Main.storyboard */; };
		7CC9BF2328EDE6FC007F65AA /* Assets.xcassets in Resources */ = {isa = PBXBuildFile; fileRef = 7CC9BF2228EDE6FC007F65AA /* Assets.xcassets */; };
		7CC9BF2628EDE6FC007F65AA /* LaunchScreen.storyboard in Resources */ = {isa = PBXBuildFile; fileRef = 7CC9BF2428EDE6FC007F65AA /* LaunchScreen.storyboard */; };
		7CC9BF3128EDE6FD007F65AA /* Hotel_ManzanaTests.swift in Sources */ = {isa = PBXBuildFile; fileRef = 7CC9BF3028EDE6FD007F65AA /* Hotel_ManzanaTests.swift */; };
		7CC9BF3B28EDE6FD007F65AA /* Hotel_ManzanaUITests.swift in Sources */ = {isa = PBXBuildFile; fileRef = 7CC9BF3A28EDE6FD007F65AA /* Hotel_ManzanaUITests.swift */; };
		7CC9BF3D28EDE6FD007F65AA /* Hotel_ManzanaUITestsLaunchTests.swift in Sources */ = {isa = PBXBuildFile; fileRef = 7CC9BF3C28EDE6FD007F65AA /* Hotel_ManzanaUITestsLaunchTests.swift */; };
/* End PBXBuildFile section */

/* Begin PBXContainerItemProxy section */
		7CC9BF2D28EDE6FD007F65AA /* PBXContainerItemProxy */ = {
			isa = PBXContainerItemProxy;
			containerPortal = 7CC9BF0E28EDE6F9007F65AA /* Project object */;
			proxyType = 1;
			remoteGlobalIDString = 7CC9BF1528EDE6F9007F65AA;
			remoteInfo = "Hotel Manzana";
		};
		7CC9BF3728EDE6FD007F65AA /* PBXContainerItemProxy */ = {
			isa = PBXContainerItemProxy;
			containerPortal = 7CC9BF0E28EDE6F9007F65AA /* Project object */;
			proxyType = 1;
			remoteGlobalIDString = 7CC9BF1528EDE6F9007F65AA;
			remoteInfo = "Hotel Manzana";
		};
/* End PBXContainerItemProxy section */

/* Begin PBXFileReference section */
		7CC9BF1628EDE6F9007F65AA /* Hotel Manzana.app */ = {isa = PBXFileReference; explicitFileType = wrapper.application; includeInIndex = 0; path = "Hotel Manzana.app"; sourceTree = BUILT_PRODUCTS_DIR; };
		7CC9BF1928EDE6F9007F65AA /* AppDelegate.swift */ = {isa = PBXFileReference; lastKnownFileType = sourcecode.swift; path = AppDelegate.swift; sourceTree = "<group>"; };
		7CC9BF1B28EDE6F9007F65AA /* SceneDelegate.swift */ = {isa = PBXFileReference; lastKnownFileType = sourcecode.swift; path = SceneDelegate.swift; sourceTree = "<group>"; };
		7CC9BF1D28EDE6F9007F65AA /* ViewController.swift */ = {isa = PBXFileReference; lastKnownFileType = sourcecode.swift; path = ViewController.swift; sourceTree = "<group>"; };
		7CC9BF2028EDE6F9007F65AA /* Base */ = {isa = PBXFileReference; lastKnownFileType = file.storyboard; name = Base; path = Base.lproj/Main.storyboard; sourceTree = "<group>"; };
		7CC9BF2228EDE6FC007F65AA /* Assets.xcassets */ = {isa = PBXFileReference; lastKnownFileType = folder.assetcatalog; path = Assets.xcassets; sourceTree = "<group>"; };
		7CC9BF2528EDE6FC007F65AA /* Base */ = {isa = PBXFileReference; lastKnownFileType = file.storyboard; name = Base; path = Base.lproj/LaunchScreen.storyboard; sourceTree = "<group>"; };
		7CC9BF2728EDE6FC007F65AA /* Info.plist */ = {isa = PBXFileReference; lastKnownFileType = text.plist.xml; path = Info.plist; sourceTree = "<group>"; };
		7CC9BF2C28EDE6FD007F65AA /* Hotel ManzanaTests.xctest */ = {isa = PBXFileReference; explicitFileType = wrapper.cfbundle; includeInIndex = 0; path = "Hotel ManzanaTests.xctest"; sourceTree = BUILT_PRODUCTS_DIR; };
		7CC9BF3028EDE6FD007F65AA /* Hotel_ManzanaTests.swift */ = {isa = PBXFileReference; lastKnownFileType = sourcecode.swift; path = Hotel_ManzanaTests.swift; sourceTree = "<group>"; };
		7CC9BF3628EDE6FD007F65AA /* Hotel ManzanaUITests.xctest */ = {isa = PBXFileReference; explicitFileType = wrapper.cfbundle; includeInIndex = 0; path = "Hotel ManzanaUITests.xctest"; sourceTree = BUILT_PRODUCTS_DIR; };
		7CC9BF3A28EDE6FD007F65AA /* Hotel_ManzanaUITests.swift */ = {isa = PBXFileReference; lastKnownFileType = sourcecode.swift; path = Hotel_ManzanaUITests.swift; sourceTree = "<group>"; };
		7CC9BF3C28EDE6FD007F65AA /* Hotel_ManzanaUITestsLaunchTests.swift */ = {isa = PBXFileReference; lastKnownFileType = sourcecode.swift; path = Hotel_ManzanaUITestsLaunchTests.swift; sourceTree = "<group>"; };
/* End PBXFileReference section */

/* Begin PBXFrameworksBuildPhase section */
		7CC9BF1328EDE6F9007F65AA /* Frameworks */ = {
			isa = PBXFrameworksBuildPhase;
			buildActionMask = 2147483647;
			files = (
			);
			runOnlyForDeploymentPostprocessing = 0;
		};
		7CC9BF2928EDE6FD007F65AA /* Frameworks */ = {
			isa = PBXFrameworksBuildPhase;
			buildActionMask = 2147483647;
			files = (
			);
			runOnlyForDeploymentPostprocessing = 0;
		};
		7CC9BF3328EDE6FD007F65AA /* Frameworks */ = {
			isa = PBXFrameworksBuildPhase;
			buildActionMask = 2147483647;
			files = (
			);
			runOnlyForDeploymentPostprocessing = 0;
		};
/* End PBXFrameworksBuildPhase section */

/* Begin PBXGroup section */
		7CC9BF0D28EDE6F9007F65AA = {
			isa = PBXGroup;
			children = (
				7CC9BF1828EDE6F9007F65AA /* Hotel Manzana */,
				7CC9BF2F28EDE6FD007F65AA /* Hotel ManzanaTests */,
				7CC9BF3928EDE6FD007F65AA /* Hotel ManzanaUITests */,
				7CC9BF1728EDE6F9007F65AA /* Products */,
			);
			sourceTree = "<group>";
		};
		7CC9BF1728EDE6F9007F65AA /* Products */ = {
			isa = PBXGroup;
			children = (
				7CC9BF1628EDE6F9007F65AA /* Hotel Manzana.app */,
				7CC9BF2C28EDE6FD007F65AA /* Hotel ManzanaTests.xctest */,
				7CC9BF3628EDE6FD007F65AA /* Hotel ManzanaUITests.xctest */,
			);
			name = Products;
			sourceTree = "<group>";
		};
		7CC9BF1828EDE6F9007F65AA /* Hotel Manzana */ = {
			isa = PBXGroup;
			children = (
				7CC9BF1928EDE6F9007F65AA /* AppDelegate.swift */,
				7CC9BF1B28EDE6F9007F65AA /* SceneDelegate.swift */,
				7CC9BF1D28EDE6F9007F65AA /* ViewController.swift */,
				7CC9BF1F28EDE6F9007F65AA /* Main.storyboard */,
				7CC9BF2228EDE6FC007F65AA /* Assets.xcassets */,
				7CC9BF2428EDE6FC007F65AA /* LaunchScreen.storyboard */,
				7CC9BF2728EDE6FC007F65AA /* Info.plist */,
			);
			path = "Hotel Manzana";
			sourceTree = "<group>";
		};
		7CC9BF2F28EDE6FD007F65AA /* Hotel ManzanaTests */ = {
			isa = PBXGroup;
			children = (
				7CC9BF3028EDE6FD007F65AA /* Hotel_ManzanaTests.swift */,
			);
			path = "Hotel ManzanaTests";
			sourceTree = "<group>";
		};
		7CC9BF3928EDE6FD007F65AA /* Hotel ManzanaUITests */ = {
			isa = PBXGroup;
			children = (
				7CC9BF3A28EDE6FD007F65AA /* Hotel_ManzanaUITests.swift */,
				7CC9BF3C28EDE6FD007F65AA /* Hotel_ManzanaUITestsLaunchTests.swift */,
			);
			path = "Hotel ManzanaUITests";
			sourceTree = "<group>";
		};
/* End PBXGroup section */

/* Begin PBXNativeTarget section */
		7CC9BF1528EDE6F9007F65AA /* Hotel Manzana */ = {
			isa = PBXNativeTarget;
			buildConfigurationList = 7CC9BF4028EDE6FD007F65AA /* Build configuration list for PBXNativeTarget "Hotel Manzana" */;
			buildPhases = (
				7CC9BF1228EDE6F9007F65AA /* Sources */,
				7CC9BF1328EDE6F9007F65AA /* Frameworks */,
				7CC9BF1428EDE6F9007F65AA /* Resources */,
			);
			buildRules = (
			);
			dependencies = (
			);
			name = "Hotel Manzana";
			productName = "Hotel Manzana";
			productReference = 7CC9BF1628EDE6F9007F65AA /* Hotel Manzana.app */;
			productType = "com.apple.product-type.application";
		};
		7CC9BF2B28EDE6FD007F65AA /* Hotel ManzanaTests */ = {
			isa = PBXNativeTarget;
			buildConfigurationList = 7CC9BF4328EDE6FD007F65AA /* Build configuration list for PBXNativeTarget "Hotel ManzanaTests" */;
			buildPhases = (
				7CC9BF2828EDE6FD007F65AA /* Sources */,
				7CC9BF2928EDE6FD007F65AA /* Frameworks */,
				7CC9BF2A28EDE6FD007F65AA /* Resources */,
			);
			buildRules = (
			);
			dependencies = (
				7CC9BF2E28EDE6FD007F65AA /* PBXTargetDependency */,
			);
			name = "Hotel ManzanaTests";
			productName = "Hotel ManzanaTests";
			productReference = 7CC9BF2C28EDE6FD007F65AA /* Hotel ManzanaTests.xctest */;
			productType = "com.apple.product-type.bundle.unit-test";
		};
		7CC9BF3528EDE6FD007F65AA /* Hotel ManzanaUITests */ = {
			isa = PBXNativeTarget;
			buildConfigurationList = 7CC9BF4628EDE6FD007F65AA /* Build configuration list for PBXNativeTarget "Hotel ManzanaUITests" */;
			buildPhases = (
				7CC9BF3228EDE6FD007F65AA /* Sources */,
				7CC9BF3328EDE6FD007F65AA /* Frameworks */,
				7CC9BF3428EDE6FD007F65AA /* Resources */,
			);
			buildRules = (
			);
			dependencies = (
				7CC9BF3828EDE6FD007F65AA /* PBXTargetDependency */,
			);
			name = "Hotel ManzanaUITests";
			productName = "Hotel ManzanaUITests";
			productReference = 7CC9BF3628EDE6FD007F65AA /* Hotel ManzanaUITests.xctest */;
			productType = "com.apple.product-type.bundle.ui-testing";
		};
/* End PBXNativeTarget section */

/* Begin PBXProject section */
		7CC9BF0E28EDE6F9007F65AA /* Project object */ = {
			isa = PBXProject;
			attributes = {
				BuildIndependentTargetsInParallel = 1;
				LastSwiftUpdateCheck = 1400;
				LastUpgradeCheck = 1400;
				TargetAttributes = {
					7CC9BF1528EDE6F9007F65AA = {
						CreatedOnToolsVersion = 14.0;
					};
					7CC9BF2B28EDE6FD007F65AA = {
						CreatedOnToolsVersion = 14.0;
						TestTargetID = 7CC9BF1528EDE6F9007F65AA;
					};
					7CC9BF3528EDE6FD007F65AA = {
						CreatedOnToolsVersion = 14.0;
						TestTargetID = 7CC9BF1528EDE6F9007F65AA;
					};
				};
			};
			buildConfigurationList = 7CC9BF1128EDE6F9007F65AA /* Build configuration list for PBXProject "Hotel Manzana" */;
			compatibilityVersion = "Xcode 14.0";
			developmentRegion = en;
			hasScannedForEncodings = 0;
			knownRegions = (
				en,
				Base,
			);
			mainGroup = 7CC9BF0D28EDE6F9007F65AA;
			productRefGroup = 7CC9BF1728EDE6F9007F65AA /* Products */;
			projectDirPath = "";
			projectRoot = "";
			targets = (
				7CC9BF1528EDE6F9007F65AA /* Hotel Manzana */,
				7CC9BF2B28EDE6FD007F65AA /* Hotel ManzanaTests */,
				7CC9BF3528EDE6FD007F65AA /* Hotel ManzanaUITests */,
			);
		};
/* End PBXProject section */

/* Begin PBXResourcesBuildPhase section */
		7CC9BF1428EDE6F9007F65AA /* Resources */ = {
			isa = PBXResourcesBuildPhase;
			buildActionMask = 2147483647;
			files = (
				7CC9BF2628EDE6FC007F65AA /* LaunchScreen.storyboard in Resources */,
				7CC9BF2328EDE6FC007F65AA /* Assets.xcassets in Resources */,
				7CC9BF2128EDE6F9007F65AA /* Main.storyboard in Resources */,
			);
			runOnlyForDeploymentPostprocessing = 0;
		};
		7CC9BF2A28EDE6FD007F65AA /* Resources */ = {
			isa = PBXResourcesBuildPhase;
			buildActionMask = 2147483647;
			files = (
			);
			runOnlyForDeploymentPostprocessing = 0;
		};
		7CC9BF3428EDE6FD007F65AA /* Resources */ = {
			isa = PBXResourcesBuildPhase;
			buildActionMask = 2147483647;
			files = (
			);
			runOnlyForDeploymentPostprocessing = 0;
		};
/* End PBXResourcesBuildPhase section */

/* Begin PBXSourcesBuildPhase section */
		7CC9BF1228EDE6F9007F65AA /* Sources */ = {
			isa = PBXSourcesBuildPhase;
			buildActionMask = 2147483647;
			files = (
				7CC9BF1E28EDE6F9007F65AA /* ViewController.swift in Sources */,
				7CC9BF1A28EDE6F9007F65AA /* AppDelegate.swift in Sources */,
				7CC9BF1C28EDE6F9007F65AA /* SceneDelegate.swift in Sources */,
			);
			runOnlyForDeploymentPostprocessing = 0;
		};
		7CC9BF2828EDE6FD007F65AA /* Sources */ = {
			isa = PBXSourcesBuildPhase;
			buildActionMask = 2147483647;
			files = (
				7CC9BF3128EDE6FD007F65AA /* Hotel_ManzanaTests.swift in Sources */,
			);
			runOnlyForDeploymentPostprocessing = 0;
		};
		7CC9BF3228EDE6FD007F65AA /* Sources */ = {
			isa = PBXSourcesBuildPhase;
			buildActionMask = 2147483647;
			files = (
				7CC9BF3D28EDE6FD007F65AA /* Hotel_ManzanaUITestsLaunchTests.swift in Sources */,
				7CC9BF3B28EDE6FD007F65AA /* Hotel_ManzanaUITests.swift in Sources */,
			);
			runOnlyForDeploymentPostprocessing = 0;
		};
/* End PBXSourcesBuildPhase section */

/* Begin PBXTargetDependency section */
		7CC9BF2E28EDE6FD007F65AA /* PBXTargetDependency */ = {
			isa = PBXTargetDependency;
			target = 7CC9BF1528EDE6F9007F65AA /* Hotel Manzana */;
			targetProxy = 7CC9BF2D28EDE6FD007F65AA /* PBXContainerItemProxy */;
		};
		7CC9BF3828EDE6FD007F65AA /* PBXTargetDependency */ = {
			isa = PBXTargetDependency;
			target = 7CC9BF1528EDE6F9007F65AA /* Hotel Manzana */;
			targetProxy = 7CC9BF3728EDE6FD007F65AA /* PBXContainerItemProxy */;
		};
/* End PBXTargetDependency section */

/* Begin PBXVariantGroup section */
		7CC9BF1F28EDE6F9007F65AA /* Main.storyboard */ = {
			isa = PBXVariantGroup;
			children = (
				7CC9BF2028EDE6F9007F65AA /* Base */,
			);
			name = Main.storyboard;
			sourceTree = "<group>";
		};
		7CC9BF2428EDE6FC007F65AA /* LaunchScreen.storyboard */ = {
			isa = PBXVariantGroup;
			children = (
				7CC9BF2528EDE6FC007F65AA /* Base */,
			);
			name = LaunchScreen.storyboard;
			sourceTree = "<group>";
		};
/* End PBXVariantGroup section */

/* Begin XCBuildConfiguration section */
		7CC9BF3E28EDE6FD007F65AA /* Debug */ = {
			isa = XCBuildConfiguration;
			buildSettings = {
				ALWAYS_SEARCH_USER_PATHS = NO;
				CLANG_ANALYZER_NONNULL = YES;
				CLANG_ANALYZER_NUMBER_OBJECT_CONVERSION = YES_AGGRESSIVE;
				CLANG_CXX_LANGUAGE_STANDARD = "gnu++20";
				CLANG_ENABLE_MODULES = YES;
				CLANG_ENABLE_OBJC_ARC = YES;
				CLANG_ENABLE_OBJC_WEAK = YES;
				CLANG_WARN_BLOCK_CAPTURE_AUTORELEASING = YES;
				CLANG_WARN_BOOL_CONVERSION = YES;
				CLANG_WARN_COMMA = YES;
				CLANG_WARN_CONSTANT_CONVERSION = YES;
				CLANG_WARN_DEPRECATED_OBJC_IMPLEMENTATIONS = YES;
				CLANG_WARN_DIRECT_OBJC_ISA_USAGE = YES_ERROR;
				CLANG_WARN_DOCUMENTATION_COMMENTS = YES;
				CLANG_WARN_EMPTY_BODY = YES;
				CLANG_WARN_ENUM_CONVERSION = YES;
				CLANG_WARN_INFINITE_RECURSION = YES;
				CLANG_WARN_INT_CONVERSION = YES;
				CLANG_WARN_NON_LITERAL_NULL_CONVERSION = YES;
				CLANG_WARN_OBJC_IMPLICIT_RETAIN_SELF = YES;
				CLANG_WARN_OBJC_LITERAL_CONVERSION = YES;
				CLANG_WARN_OBJC_ROOT_CLASS = YES_ERROR;
				CLANG_WARN_QUOTED_INCLUDE_IN_FRAMEWORK_HEADER = YES;
				CLANG_WARN_RANGE_LOOP_ANALYSIS = YES;
				CLANG_WARN_STRICT_PROTOTYPES = YES;
				CLANG_WARN_SUSPICIOUS_MOVE = YES;
				CLANG_WARN_UNGUARDED_AVAILABILITY = YES_AGGRESSIVE;
				CLANG_WARN_UNREACHABLE_CODE = YES;
				CLANG_WARN__DUPLICATE_METHOD_MATCH = YES;
				COPY_PHASE_STRIP = NO;
				DEBUG_INFORMATION_FORMAT = dwarf;
				ENABLE_STRICT_OBJC_MSGSEND = YES;
				ENABLE_TESTABILITY = YES;
				GCC_C_LANGUAGE_STANDARD = gnu11;
				GCC_DYNAMIC_NO_PIC = NO;
				GCC_NO_COMMON_BLOCKS = YES;
				GCC_OPTIMIZATION_LEVEL = 0;
				GCC_PREPROCESSOR_DEFINITIONS = (
					"DEBUG=1",
					"$(inherited)",
				);
				GCC_WARN_64_TO_32_BIT_CONVERSION = YES;
				GCC_WARN_ABOUT_RETURN_TYPE = YES_ERROR;
				GCC_WARN_UNDECLARED_SELECTOR = YES;
				GCC_WARN_UNINITIALIZED_AUTOS = YES_AGGRESSIVE;
				GCC_WARN_UNUSED_FUNCTION = YES;
				GCC_WARN_UNUSED_VARIABLE = YES;
				IPHONEOS_DEPLOYMENT_TARGET = 16.0;
				MTL_ENABLE_DEBUG_INFO = INCLUDE_SOURCE;
				MTL_FAST_MATH = YES;
				ONLY_ACTIVE_ARCH = YES;
				SDKROOT = iphoneos;
				SWIFT_ACTIVE_COMPILATION_CONDITIONS = DEBUG;
				SWIFT_OPTIMIZATION_LEVEL = "-Onone";
			};
			name = Debug;
		};
		7CC9BF3F28EDE6FD007F65AA /* Release */ = {
			isa = XCBuildConfiguration;
			buildSettings = {
				ALWAYS_SEARCH_USER_PATHS = NO;
				CLANG_ANALYZER_NONNULL = YES;
				CLANG_ANALYZER_NUMBER_OBJECT_CONVERSION = YES_AGGRESSIVE;
				CLANG_CXX_LANGUAGE_STANDARD = "gnu++20";
				CLANG_ENABLE_MODULES = YES;
				CLANG_ENABLE_OBJC_ARC = YES;
				CLANG_ENABLE_OBJC_WEAK = YES;
				CLANG_WARN_BLOCK_CAPTURE_AUTORELEASING = YES;
				CLANG_WARN_BOOL_CONVERSION = YES;
				CLANG_WARN_COMMA = YES;
				CLANG_WARN_CONSTANT_CONVERSION = YES;
				CLANG_WARN_DEPRECATED_OBJC_IMPLEMENTATIONS = YES;
				CLANG_WARN_DIRECT_OBJC_ISA_USAGE = YES_ERROR;
				CLANG_WARN_DOCUMENTATION_COMMENTS = YES;
				CLANG_WARN_EMPTY_BODY = YES;
				CLANG_WARN_ENUM_CONVERSION = YES;
				CLANG_WARN_INFINITE_RECURSION = YES;
				CLANG_WARN_INT_CONVERSION = YES;
				CLANG_WARN_NON_LITERAL_NULL_CONVERSION = YES;
				CLANG_WARN_OBJC_IMPLICIT_RETAIN_SELF = YES;
				CLANG_WARN_OBJC_LITERAL_CONVERSION = YES;
				CLANG_WARN_OBJC_ROOT_CLASS = YES_ERROR;
				CLANG_WARN_QUOTED_INCLUDE_IN_FRAMEWORK_HEADER = YES;
				CLANG_WARN_RANGE_LOOP_ANALYSIS = YES;
				CLANG_WARN_STRICT_PROTOTYPES = YES;
				CLANG_WARN_SUSPICIOUS_MOVE = YES;
				CLANG_WARN_UNGUARDED_AVAILABILITY = YES_AGGRESSIVE;
				CLANG_WARN_UNREACHABLE_CODE = YES;
				CLANG_WARN__DUPLICATE_METHOD_MATCH = YES;
				COPY_PHASE_STRIP = NO;
				DEBUG_INFORMATION_FORMAT = "dwarf-with-dsym";
				ENABLE_NS_ASSERTIONS = NO;
				ENABLE_STRICT_OBJC_MSGSEND = YES;
				GCC_C_LANGUAGE_STANDARD = gnu11;
				GCC_NO_COMMON_BLOCKS = YES;
				GCC_WARN_64_TO_32_BIT_CONVERSION = YES;
				GCC_WARN_ABOUT_RETURN_TYPE = YES_ERROR;
				GCC_WARN_UNDECLARED_SELECTOR = YES;
				GCC_WARN_UNINITIALIZED_AUTOS = YES_AGGRESSIVE;
				GCC_WARN_UNUSED_FUNCTION = YES;
				GCC_WARN_UNUSED_VARIABLE = YES;
				IPHONEOS_DEPLOYMENT_TARGET = 16.0;
				MTL_ENABLE_DEBUG_INFO = NO;
				MTL_FAST_MATH = YES;
				SDKROOT = iphoneos;
				SWIFT_COMPILATION_MODE = wholemodule;
				SWIFT_OPTIMIZATION_LEVEL = "-O";
				VALIDATE_PRODUCT = YES;
			};
			name = Release;
		};
		7CC9BF4128EDE6FD007F65AA /* Debug */ = {
			isa = XCBuildConfiguration;
			buildSettings = {
				ASSETCATALOG_COMPILER_APPICON_NAME = AppIcon;
				ASSETCATALOG_COMPILER_GLOBAL_ACCENT_COLOR_NAME = AccentColor;
				CODE_SIGN_STYLE = Automatic;
				CURRENT_PROJECT_VERSION = 1;
				DEVELOPMENT_TEAM = CLM5L23Y57;
				GENERATE_INFOPLIST_FILE = YES;
				INFOPLIST_FILE = "Hotel Manzana/Info.plist";
				INFOPLIST_KEY_UIApplicationSupportsIndirectInputEvents = YES;
				INFOPLIST_KEY_UILaunchStoryboardName = LaunchScreen;
				INFOPLIST_KEY_UIMainStoryboardFile = Main;
				INFOPLIST_KEY_UISupportedInterfaceOrientations_iPad = "UIInterfaceOrientationPortrait UIInterfaceOrientationPortraitUpsideDown UIInterfaceOrientationLandscapeLeft UIInterfaceOrientationLandscapeRight";
				INFOPLIST_KEY_UISupportedInterfaceOrientations_iPhone = "UIInterfaceOrientationPortrait UIInterfaceOrientationLandscapeLeft UIInterfaceOrientationLandscapeRight";
				LD_RUNPATH_SEARCH_PATHS = (
					"$(inherited)",
					"@executable_path/Frameworks",
				);
				MARKETING_VERSION = 1.0;
				PRODUCT_BUNDLE_IDENTIFIER = "com.exercise.Hotel-Manzana";
				PRODUCT_NAME = "$(TARGET_NAME)";
				SWIFT_EMIT_LOC_STRINGS = YES;
				SWIFT_VERSION = 5.0;
				TARGETED_DEVICE_FAMILY = "1,2";
			};
			name = Debug;
		};
		7CC9BF4228EDE6FD007F65AA /* Release */ = {
			isa = XCBuildConfiguration;
			buildSettings = {
				ASSETCATALOG_COMPILER_APPICON_NAME = AppIcon;
				ASSETCATALOG_COMPILER_GLOBAL_ACCENT_COLOR_NAME = AccentColor;
				CODE_SIGN_STYLE = Automatic;
				CURRENT_PROJECT_VERSION = 1;
				DEVELOPMENT_TEAM = CLM5L23Y57;
				GENERATE_INFOPLIST_FILE = YES;
				INFOPLIST_FILE = "Hotel Manzana/Info.plist";
				INFOPLIST_KEY_UIApplicationSupportsIndirectInputEvents = YES;
				INFOPLIST_KEY_UILaunchStoryboardName = LaunchScreen;
				INFOPLIST_KEY_UIMainStoryboardFile = Main;
				INFOPLIST_KEY_UISupportedInterfaceOrientations_iPad = "UIInterfaceOrientationPortrait UIInterfaceOrientationPortraitUpsideDown UIInterfaceOrientationLandscapeLeft UIInterfaceOrientationLandscapeRight";
				INFOPLIST_KEY_UISupportedInterfaceOrientations_iPhone = "UIInterfaceOrientationPortrait UIInterfaceOrientationLandscapeLeft UIInterfaceOrientationLandscapeRight";
				LD_RUNPATH_SEARCH_PATHS = (
					"$(inherited)",
					"@executable_path/Frameworks",
				);
				MARKETING_VERSION = 1.0;
				PRODUCT_BUNDLE_IDENTIFIER = "com.exercise.Hotel-Manzana";
				PRODUCT_NAME = "$(TARGET_NAME)";
				SWIFT_EMIT_LOC_STRINGS = YES;
				SWIFT_VERSION = 5.0;
				TARGETED_DEVICE_FAMILY = "1,2";
			};
			name = Release;
		};
		7CC9BF4428EDE6FD007F65AA /* Debug */ = {
			isa = XCBuildConfiguration;
			buildSettings = {
				ALWAYS_EMBED_SWIFT_STANDARD_LIBRARIES = YES;
				BUNDLE_LOADER = "$(TEST_HOST)";
				CODE_SIGN_STYLE = Automatic;
				CURRENT_PROJECT_VERSION = 1;
				DEVELOPMENT_TEAM = CLM5L23Y57;
				GENERATE_INFOPLIST_FILE = YES;
				IPHONEOS_DEPLOYMENT_TARGET = 16.0;
				MARKETING_VERSION = 1.0;
				PRODUCT_BUNDLE_IDENTIFIER = "com.exercise.Hotel-ManzanaTests";
				PRODUCT_NAME = "$(TARGET_NAME)";
				SWIFT_EMIT_LOC_STRINGS = NO;
				SWIFT_VERSION = 5.0;
				TARGETED_DEVICE_FAMILY = "1,2";
				TEST_HOST = "$(BUILT_PRODUCTS_DIR)/Hotel Manzana.app/$(BUNDLE_EXECUTABLE_FOLDER_PATH)/Hotel Manzana";
			};
			name = Debug;
		};
		7CC9BF4528EDE6FD007F65AA /* Release */ = {
			isa = XCBuildConfiguration;
			buildSettings = {
				ALWAYS_EMBED_SWIFT_STANDARD_LIBRARIES = YES;
				BUNDLE_LOADER = "$(TEST_HOST)";
				CODE_SIGN_STYLE = Automatic;
				CURRENT_PROJECT_VERSION = 1;
				DEVELOPMENT_TEAM = CLM5L23Y57;
				GENERATE_INFOPLIST_FILE = YES;
				IPHONEOS_DEPLOYMENT_TARGET = 16.0;
				MARKETING_VERSION = 1.0;
				PRODUCT_BUNDLE_IDENTIFIER = "com.exercise.Hotel-ManzanaTests";
				PRODUCT_NAME = "$(TARGET_NAME)";
				SWIFT_EMIT_LOC_STRINGS = NO;
				SWIFT_VERSION = 5.0;
				TARGETED_DEVICE_FAMILY = "1,2";
				TEST_HOST = "$(BUILT_PRODUCTS_DIR)/Hotel Manzana.app/$(BUNDLE_EXECUTABLE_FOLDER_PATH)/Hotel Manzana";
			};
			name = Release;
		};
		7CC9BF4728EDE6FD007F65AA /* Debug */ = {
			isa = XCBuildConfiguration;
			buildSettings = {
				ALWAYS_EMBED_SWIFT_STANDARD_LIBRARIES = YES;
				CODE_SIGN_STYLE = Automatic;
				CURRENT_PROJECT_VERSION = 1;
				DEVELOPMENT_TEAM = CLM5L23Y57;
				GENERATE_INFOPLIST_FILE = YES;
				MARKETING_VERSION = 1.0;
				PRODUCT_BUNDLE_IDENTIFIER = "com.exercise.Hotel-ManzanaUITests";
				PRODUCT_NAME = "$(TARGET_NAME)";
				SWIFT_EMIT_LOC_STRINGS = NO;
				SWIFT_VERSION = 5.0;
				TARGETED_DEVICE_FAMILY = "1,2";
				TEST_TARGET_NAME = "Hotel Manzana";
			};
			name = Debug;
		};
		7CC9BF4828EDE6FD007F65AA /* Release */ = {
			isa = XCBuildConfiguration;
			buildSettings = {
				ALWAYS_EMBED_SWIFT_STANDARD_LIBRARIES = YES;
				CODE_SIGN_STYLE = Automatic;
				CURRENT_PROJECT_VERSION = 1;
				DEVELOPMENT_TEAM = CLM5L23Y57;
				GENERATE_INFOPLIST_FILE = YES;
				MARKETING_VERSION = 1.0;
				PRODUCT_BUNDLE_IDENTIFIER = "com.exercise.Hotel-ManzanaUITests";
				PRODUCT_NAME = "$(TARGET_NAME)";
				SWIFT_EMIT_LOC_STRINGS = NO;
				SWIFT_VERSION = 5.0;
				TARGETED_DEVICE_FAMILY = "1,2";
				TEST_TARGET_NAME = "Hotel Manzana";
			};
			name = Release;
		};
/* End XCBuildConfiguration section */

/* Begin XCConfigurationList section */
		7CC9BF1128EDE6F9007F65AA /* Build configuration list for PBXProject "Hotel Manzana" */ = {
			isa = XCConfigurationList;
			buildConfigurations = (
				7CC9BF3E28EDE6FD007F65AA /* Debug */,
				7CC9BF3F28EDE6FD007F65AA /* Release */,
			);
			defaultConfigurationIsVisible = 0;
			defaultConfigurationName = Release;
		};
		7CC9BF4028EDE6FD007F65AA /* Build configuration list for PBXNativeTarget "Hotel Manzana" */ = {
			isa = XCConfigurationList;
			buildConfigurations = (
				7CC9BF4128EDE6FD007F65AA /* Debug */,
				7CC9BF4228EDE6FD007F65AA /* Release */,
			);
			defaultConfigurationIsVisible = 0;
			defaultConfigurationName = Release;
		};
		7CC9BF4328EDE6FD007F65AA /* Build configuration list for PBXNativeTarget "Hotel ManzanaTests" */ = {
			isa = XCConfigurationList;
			buildConfigurations = (
				7CC9BF4428EDE6FD007F65AA /* Debug */,
				7CC9BF4528EDE6FD007F65AA /* Release */,
			);
			defaultConfigurationIsVisible = 0;
			defaultConfigurationName = Release;
		};
		7CC9BF4628EDE6FD007F65AA /* Build configuration list for PBXNativeTarget "Hotel ManzanaUITests" */ = {
			isa = XCConfigurationList;
			buildConfigurations = (
				7CC9BF4728EDE6FD007F65AA /* Debug */,
				7CC9BF4828EDE6FD007F65AA /* Release */,
			);
			defaultConfigurationIsVisible = 0;
			defaultConfigurationName = Release;
		};
/* End XCConfigurationList section */
	};
	rootObject = 7CC9BF0E28EDE6F9007F65AA /* Project object */;
}
